
Microsoft Visual Studio Solution File, Format Version 12.00
# Visual Studio Version 16
VisualStudioVersion = 16.0.30523.141
MinimumVisualStudioVersion = 10.0.40219.1
Project("{FAE04EC0-301F-11D3-BF4B-00C04F79EFBC}") = "Peia_CarmenDenisa_Lab6", "Peia_CarmenDenisa_Lab6.csproj", "{E6A2544C-092E-4BAD-A0C9-90E9A75CD1E8}"
EndProject
Project("{FAE04EC0-301F-11D3-BF4B-00C04F79EFBC}") = "AutoLotModel", "..\AutoLotModel\AutoLotModel.csproj", "{8DFE6153-6A0E-4706-AAC0-E710179AFC32}"
EndProject
Global
	GlobalSection(SolutionConfigurationPlatforms) = preSolution
		Debug|Any CPU = Debug|Any CPU
		Release|Any CPU = Release|Any CPU
	EndGlobalSection
	GlobalSection(ProjectConfigurationPlatforms) = postSolution
		{E6A2544C-092E-4BAD-A0C9-90E9A75CD1E8}.Debug|Any CPU.ActiveCfg = Debug|Any CPU
		{E6A2544C-092E-4BAD-A0C9-90E9A75CD1E8}.Debug|Any CPU.Build.0 = Debug|Any CPU
		{E6A2544C-092E-4BAD-A0C9-90E9A75CD1E8}.Release|Any CPU.ActiveCfg = Release|Any CPU
		{E6A2544C-092E-4BAD-A0C9-90E9A75CD1E8}.Release|Any CPU.Build.0 = Release|Any CPU
		{8DFE6153-6A0E-4706-AAC0-E710179AFC32}.Debug|Any CPU.ActiveCfg = Debug|Any CPU
		{8DFE6153-6A0E-4706-AAC0-E710179AFC32}.Debug|Any CPU.Build.0 = Debug|Any CPU
		{8DFE6153-6A0E-4706-AAC0-E710179AFC32}.Release|Any CPU.ActiveCfg = Release|Any CPU
		{8DFE6153-6A0E-4706-AAC0-E710179AFC32}.Release|Any CPU.Build.0 = Release|Any CPU
	EndGlobalSection
	GlobalSection(SolutionProperties) = preSolution
		HideSolutionNode = FALSE
	EndGlobalSection
	GlobalSection(ExtensibilityGlobals) = postSolution
		SolutionGuid = {FFB52BB6-9F12-431B-9E1D-0FCF65E520E3}
	EndGlobalSection
EndGlobal
